
Microsoft Visual Studio Solution File, Format Version 12.00
# Visual Studio Version 16
VisualStudioVersion = 16.0.31515.178
MinimumVisualStudioVersion = 10.0.40219.1
Project("{FAE04EC0-301F-11D3-BF4B-00C04F79EFBC}") = "StringCalculator", "StringCalculator.csproj", "{AE024F3B-A1CE-484F-9947-6623BD08AAE4}"
EndProject
Global
	GlobalSection(SolutionConfigurationPlatforms) = preSolution
		Debug|Any CPU = Debug|Any CPU
		Release|Any CPU = Release|Any CPU
	EndGlobalSection
	GlobalSection(ProjectConfigurationPlatforms) = postSolution
		{AE024F3B-A1CE-484F-9947-6623BD08AAE4}.Debug|Any CPU.ActiveCfg = Debug|Any CPU
		{AE024F3B-A1CE-484F-9947-6623BD08AAE4}.Debug|Any CPU.Build.0 = Debug|Any CPU
		{AE024F3B-A1CE-484F-9947-6623BD08AAE4}.Release|Any CPU.ActiveCfg = Release|Any CPU
		{AE024F3B-A1CE-484F-9947-6623BD08AAE4}.Release|Any CPU.Build.0 = Release|Any CPU
	EndGlobalSection
	GlobalSection(SolutionProperties) = preSolution
		HideSolutionNode = FALSE
	EndGlobalSection
	GlobalSection(ExtensibilityGlobals) = postSolution
		SolutionGuid = {CF1633F3-5904-4A3E-BA32-CF1C61AF2B00}
	EndGlobalSection
EndGlobal
